
Microsoft Visual Studio Solution File, Format Version 12.00
# Visual Studio Version 17
VisualStudioVersion = 17.0.32112.339
MinimumVisualStudioVersion = 10.0.40219.1
Project("{FAE04EC0-301F-11D3-BF4B-00C04F79EFBC}") = "Interface", "Interface.csproj", "{96F8E633-F99E-45B0-B9D0-B0AB68D673EE}"
EndProject
Global
	GlobalSection(SolutionConfigurationPlatforms) = preSolution
		Debug|Any CPU = Debug|Any CPU
		Release|Any CPU = Release|Any CPU
	EndGlobalSection
	GlobalSection(ProjectConfigurationPlatforms) = postSolution
		{96F8E633-F99E-45B0-B9D0-B0AB68D673EE}.Debug|Any CPU.ActiveCfg = Debug|Any CPU
		{96F8E633-F99E-45B0-B9D0-B0AB68D673EE}.Debug|Any CPU.Build.0 = Debug|Any CPU
		{96F8E633-F99E-45B0-B9D0-B0AB68D673EE}.Release|Any CPU.ActiveCfg = Release|Any CPU
		{96F8E633-F99E-45B0-B9D0-B0AB68D673EE}.Release|Any CPU.Build.0 = Release|Any CPU
	EndGlobalSection
	GlobalSection(SolutionProperties) = preSolution
		HideSolutionNode = FALSE
	EndGlobalSection
	GlobalSection(ExtensibilityGlobals) = postSolution
		SolutionGuid = {760E289A-515D-4E5D-936E-83E8DAA06D33}
	EndGlobalSection
EndGlobal
